# @generated - this file is auto-generated by `mise lock` https://mise.en.dev/dev-tools/mise-lock.html

[[tools.aube]]
version = "1.18.0"
backend = "github:endevco/aube"

[tools.aube."platforms.linux-arm64"]
checksum = "sha256:e7881daae7b5704a68bef2c1d25740f5b808f982a9013e99625910fa72c7e04c"
url = "https://github.com/endevco/aube/releases/download/v1.18.0/aube-v1.18.0-aarch64-unknown-linux-gnu.tar.gz"
url_api = "https://api.github.com/repos/endevco/aube/releases/assets/438543417"
provenance = "github-attestations"

[tools.aube."platforms.linux-arm64-musl"]
checksum = "sha256:ed39261b679c9b96cedc0e64744e66c5080247a1d34a6cf2669c40cce8956309"
url = "https://github.com/endevco/aube/releases/download/v1.18.0/aube-v1.18.0-aarch64-unknown-linux-musl.tar.gz"
url_api = "https://api.github.com/repos/endevco/aube/releases/assets/438516230"
provenance = "github-attestations"

[tools.aube."platforms.linux-x64"]
checksum = "sha256:20b158c2439087267c95451dcc5feba13cfd1045b7a108e41a85c779bebbe1da"
url = "https://github.com/endevco/aube/releases/download/v1.18.0/aube-v1.18.0-x86_64-unknown-linux-gnu.tar.gz"
url_api = "https://api.github.com/repos/endevco/aube/releases/assets/438526121"
provenance = "github-attestations"

[tools.aube."platforms.linux-x64-musl"]
checksum = "sha256:d4ef67a858817fd0e158aa4022787b079f4af566eebce7914bdd7eaf0cc803c1"
url = "https://github.com/endevco/aube/releases/download/v1.18.0/aube-v1.18.0-x86_64-unknown-linux-musl.tar.gz"
url_api = "https://api.github.com/repos/endevco/aube/releases/assets/438522827"
provenance = "github-attestations"

[tools.aube."platforms.macos-arm64"]
checksum = "sha256:0d050f30ff4f80c2fe4bbba106a7c439b7d79702c923ee95502695d8a910a600"
url = "https://github.com/endevco/aube/releases/download/v1.18.0/aube-v1.18.0-aarch64-apple-darwin.tar.gz"
url_api = "https://api.github.com/repos/endevco/aube/releases/assets/438568960"
provenance = "github-attestations"

[tools.aube."platforms.windows-x64"]
checksum = "sha256:ddc94d1cf21c14d675271761a7837193a23869f719a9cf57149807525e6b8620"
url = "https://github.com/endevco/aube/releases/download/v1.18.0/aube-v1.18.0-x86_64-pc-windows-msvc.zip"
url_api = "https://api.github.com/repos/endevco/aube/releases/assets/438529280"
provenance = "github-attestations"

[[tools.bun]]
version = "1.3.14"
backend = "core:bun"

[tools.bun."platforms.linux-arm64"]
checksum = "sha256:a27ffb63a8310375836e0d6f668ae17fa8d8d18b88c37c821c65331973a19a3b"
url = "https://github.com/oven-sh/bun/releases/download/bun-v1.3.14/bun-linux-aarch64.zip"

[tools.bun."platforms.linux-arm64-musl"]
checksum = "sha256:b98e0ad3625c5c00d1d5b5ff55605c7adddbfae151861e68ade57b2d3b8703bb"
url = "https://github.com/oven-sh/bun/releases/download/bun-v1.3.14/bun-linux-aarch64-musl.zip"

[tools.bun."platforms.linux-x64"]
checksum = "sha256:951ee2aee855f08595aeec6225226a298d3fea83a3dcd6465c09cbccdf7e848f"
url = "https://github.com/oven-sh/bun/releases/download/bun-v1.3.14/bun-linux-x64.zip"

[tools.bun."platforms.linux-x64-baseline"]
checksum = "sha256:a063908ae08b7852ca10939bbdc6ceed3ddabce8fb9402dce83d65d73b36e6c7"
url = "https://github.com/oven-sh/bun/releases/download/bun-v1.3.14/bun-linux-x64-baseline.zip"

[tools.bun."platforms.linux-x64-musl"]
checksum = "sha256:14bd9aedeebf1dba67e8def9531c89bc989ecfdf1de42e5bfcaf1b8cd9294719"
url = "https://github.com/oven-sh/bun/releases/download/bun-v1.3.14/bun-linux-x64-musl.zip"

[tools.bun."platforms.linux-x64-musl-baseline"]
checksum = "sha256:56a7d6806cf155536c0178f0ea5fbd098e684fa509ebdb4fc0a7e19fb65382dc"
url = "https://github.com/oven-sh/bun/releases/download/bun-v1.3.14/bun-linux-x64-musl-baseline.zip"

[tools.bun."platforms.macos-arm64"]
checksum = "sha256:d8b96221828ad6f97ac7ac0ab7e95872341af763001e8803e8267652c2652620"
url = "https://github.com/oven-sh/bun/releases/download/bun-v1.3.14/bun-darwin-aarch64.zip"

[tools.bun."platforms.macos-x64"]
checksum = "sha256:4183df3374623e5bab315c547cfa0974533cd457d86b73b639f7a87974cd6633"
url = "https://github.com/oven-sh/bun/releases/download/bun-v1.3.14/bun-darwin-x64.zip"

[tools.bun."platforms.macos-x64-baseline"]
checksum = "sha256:3e35ad6f53971a9834bf9e6786e2adf72b5f1921cc9a9c5fde073d2972944076"
url = "https://github.com/oven-sh/bun/releases/download/bun-v1.3.14/bun-darwin-x64-baseline.zip"

[tools.bun."platforms.windows-x64"]
checksum = "sha256:0a0620930b6675d7ba440e81f4e0e00d3cfbe096c4b140d3fff02205e9e18922"
url = "https://github.com/oven-sh/bun/releases/download/bun-v1.3.14/bun-windows-x64.zip"

[tools.bun."platforms.windows-x64-baseline"]
checksum = "sha256:538f9c846355d9e847b2671bc00c47da4229a0befb24df3282b739770f3b475f"
url = "https://github.com/oven-sh/bun/releases/download/bun-v1.3.14/bun-windows-x64-baseline.zip"

[[tools.deno]]
version = "2.8.1"
backend = "core:deno"

[tools.deno."platforms.linux-arm64"]
checksum = "sha256:67e9df91870fd0af700df924173e3009ea7ff6956e2c3c3bb86065d6070d0fd6"
url = "https://dl.deno.land/release/v2.8.1/deno-aarch64-unknown-linux-gnu.zip"

[tools.deno."platforms.linux-arm64-musl"]
checksum = "sha256:67e9df91870fd0af700df924173e3009ea7ff6956e2c3c3bb86065d6070d0fd6"
url = "https://dl.deno.land/release/v2.8.1/deno-aarch64-unknown-linux-gnu.zip"

[tools.deno."platforms.linux-x64"]
checksum = "sha256:2d7bb6195226ac832e0bf7109a115f0af65ee69ac797a4bbde5b27a06cc242d9"
url = "https://dl.deno.land/release/v2.8.1/deno-x86_64-unknown-linux-gnu.zip"

[tools.deno."platforms.linux-x64-musl"]
checksum = "sha256:2d7bb6195226ac832e0bf7109a115f0af65ee69ac797a4bbde5b27a06cc242d9"
url = "https://dl.deno.land/release/v2.8.1/deno-x86_64-unknown-linux-gnu.zip"

[tools.deno."platforms.macos-arm64"]
checksum = "sha256:8154e2de0ee8c1cae31fa88e078724aaef0295fab9fd2ad6f8520389cee908f6"
url = "https://dl.deno.land/release/v2.8.1/deno-aarch64-apple-darwin.zip"

[tools.deno."platforms.macos-x64"]
checksum = "sha256:47473845e0522ba11dd279e3dd318e2d84ee200c56b8280594e0ae0b0f827460"
url = "https://dl.deno.land/release/v2.8.1/deno-x86_64-apple-darwin.zip"

[tools.deno."platforms.windows-x64"]
checksum = "sha256:Algorithm"
url = "https://dl.deno.land/release/v2.8.1/deno-x86_64-pc-windows-msvc.zip"

[[tools."github:howmanysmall/npm-registry-mcp"]]
version = "0.5.0"
backend = "github:howmanysmall/npm-registry-mcp"

[tools."github:howmanysmall/npm-registry-mcp"."platforms.linux-arm64"]
checksum = "sha256:a4d47bf9090775d9b05a81277d0bc1fa842159b9dc8ab0e53234b0f55c261707"
url = "https://github.com/howmanysmall/npm-registry-mcp/releases/download/v0.5.0/npm-registry-mcp_linux_arm64.tar.gz"
url_api = "https://api.github.com/repos/howmanysmall/npm-registry-mcp/releases/assets/359512040"

[tools."github:howmanysmall/npm-registry-mcp"."platforms.linux-arm64-musl"]
checksum = "sha256:a4d47bf9090775d9b05a81277d0bc1fa842159b9dc8ab0e53234b0f55c261707"
url = "https://github.com/howmanysmall/npm-registry-mcp/releases/download/v0.5.0/npm-registry-mcp_linux_arm64.tar.gz"
url_api = "https://api.github.com/repos/howmanysmall/npm-registry-mcp/releases/assets/359512040"

[tools."github:howmanysmall/npm-registry-mcp"."platforms.linux-x64"]
checksum = "sha256:ce0e94761beb6f326613794ddf0a5bdb3cb5404c50b1d26ef14670882dc518f1"
url = "https://github.com/howmanysmall/npm-registry-mcp/releases/download/v0.5.0/npm-registry-mcp_linux_x86_64.tar.gz"
url_api = "https://api.github.com/repos/howmanysmall/npm-registry-mcp/releases/assets/359512057"

[tools."github:howmanysmall/npm-registry-mcp"."platforms.linux-x64-musl"]
checksum = "sha256:ce0e94761beb6f326613794ddf0a5bdb3cb5404c50b1d26ef14670882dc518f1"
url = "https://github.com/howmanysmall/npm-registry-mcp/releases/download/v0.5.0/npm-registry-mcp_linux_x86_64.tar.gz"
url_api = "https://api.github.com/repos/howmanysmall/npm-registry-mcp/releases/assets/359512057"

[tools."github:howmanysmall/npm-registry-mcp"."platforms.macos-arm64"]
checksum = "sha256:df9bfc25847f5d756fe05c95cd21d7ca97e343abec634252794a43d5c895191e"
url = "https://github.com/howmanysmall/npm-registry-mcp/releases/download/v0.5.0/npm-registry-mcp_darwin_arm64.tar.gz"
url_api = "https://api.github.com/repos/howmanysmall/npm-registry-mcp/releases/assets/359512042"

[tools."github:howmanysmall/npm-registry-mcp"."platforms.macos-x64"]
checksum = "sha256:5d740f2d9ea863b76f3e8ea46095693857ee567c5aee42480b741c74a81f397b"
url = "https://github.com/howmanysmall/npm-registry-mcp/releases/download/v0.5.0/npm-registry-mcp_darwin_x86_64.tar.gz"
url_api = "https://api.github.com/repos/howmanysmall/npm-registry-mcp/releases/assets/359512055"

[tools."github:howmanysmall/npm-registry-mcp"."platforms.windows-x64"]
checksum = "sha256:725bfd534aa9332de1a45401ed352a8daf73cc07c3957837df4e88723309176c"
url = "https://github.com/howmanysmall/npm-registry-mcp/releases/download/v0.5.0/npm-registry-mcp_windows_x86_64.zip"
url_api = "https://api.github.com/repos/howmanysmall/npm-registry-mcp/releases/assets/359512044"

[[tools."github:howmanysmall/pullhook"]]
version = "1.1.1"
backend = "github:howmanysmall/pullhook"

[tools."github:howmanysmall/pullhook"."platforms.linux-arm64"]
checksum = "sha256:f427c6aeb9a9253089cdb278c13d6f82bfe7f73306b8ab4742d44880241ef613"
url = "https://github.com/howmanysmall/pullhook/releases/download/v1.1.1/pullhook-aarch64-unknown-linux-gnu.tar.xz"
url_api = "https://api.github.com/repos/howmanysmall/pullhook/releases/assets/419689291"

[tools."github:howmanysmall/pullhook"."platforms.linux-arm64-musl"]
checksum = "sha256:f427c6aeb9a9253089cdb278c13d6f82bfe7f73306b8ab4742d44880241ef613"
url = "https://github.com/howmanysmall/pullhook/releases/download/v1.1.1/pullhook-aarch64-unknown-linux-gnu.tar.xz"
url_api = "https://api.github.com/repos/howmanysmall/pullhook/releases/assets/419689291"

[tools."github:howmanysmall/pullhook"."platforms.linux-x64"]
checksum = "sha256:44489d2689351fb1c749792c71c09cfaef3009c7edbc42b8007cdb9f027d5959"
url = "https://github.com/howmanysmall/pullhook/releases/download/v1.1.1/pullhook-x86_64-unknown-linux-musl.tar.xz"
url_api = "https://api.github.com/repos/howmanysmall/pullhook/releases/assets/419689297"

[tools."github:howmanysmall/pullhook"."platforms.linux-x64-musl"]
checksum = "sha256:44489d2689351fb1c749792c71c09cfaef3009c7edbc42b8007cdb9f027d5959"
url = "https://github.com/howmanysmall/pullhook/releases/download/v1.1.1/pullhook-x86_64-unknown-linux-musl.tar.xz"
url_api = "https://api.github.com/repos/howmanysmall/pullhook/releases/assets/419689297"

[tools."github:howmanysmall/pullhook"."platforms.macos-arm64"]
checksum = "sha256:91a6339aab34c52e58da5f765d521b8919037372a0cb934c6f3412fd6ee43741"
url = "https://github.com/howmanysmall/pullhook/releases/download/v1.1.1/pullhook-aarch64-apple-darwin.tar.xz"
url_api = "https://api.github.com/repos/howmanysmall/pullhook/releases/assets/419689290"

[tools."github:howmanysmall/pullhook"."platforms.macos-x64"]
checksum = "sha256:8f465d07b20f226ae40b84c168e2ccabbeeaad2c32f9f0197c99f4b611dd043e"
url = "https://github.com/howmanysmall/pullhook/releases/download/v1.1.1/pullhook-x86_64-apple-darwin.tar.xz"
url_api = "https://api.github.com/repos/howmanysmall/pullhook/releases/assets/419689294"

[tools."github:howmanysmall/pullhook"."platforms.windows-x64"]
checksum = "sha256:89089232002d3c6eaa5a033f015985fab3e16aea6ca0d633bf609ac34bffae6a"
url = "https://github.com/howmanysmall/pullhook/releases/download/v1.1.1/pullhook-x86_64-pc-windows-msvc.zip"
url_api = "https://api.github.com/repos/howmanysmall/pullhook/releases/assets/419689296"

[[tools.gum]]
version = "0.17.0"
backend = "aqua:charmbracelet/gum"

[tools.gum."platforms.linux-arm64"]
checksum = "sha256:b0b9ed95cbf7c8b7073f17b9591811f5c001e33c7cfd066ca83ce8a07c576f9c"
url = "https://github.com/charmbracelet/gum/releases/download/v0.17.0/gum_0.17.0_Linux_arm64.tar.gz"

[tools.gum."platforms.linux-arm64-musl"]
checksum = "sha256:b0b9ed95cbf7c8b7073f17b9591811f5c001e33c7cfd066ca83ce8a07c576f9c"
url = "https://github.com/charmbracelet/gum/releases/download/v0.17.0/gum_0.17.0_Linux_arm64.tar.gz"

[tools.gum."platforms.linux-x64"]
checksum = "sha256:69ee169bd6387331928864e94d47ed01ef649fbfe875baed1bbf27b5377a6fdb"
url = "https://github.com/charmbracelet/gum/releases/download/v0.17.0/gum_0.17.0_Linux_x86_64.tar.gz"

[tools.gum."platforms.linux-x64-musl"]
checksum = "sha256:69ee169bd6387331928864e94d47ed01ef649fbfe875baed1bbf27b5377a6fdb"
url = "https://github.com/charmbracelet/gum/releases/download/v0.17.0/gum_0.17.0_Linux_x86_64.tar.gz"

[tools.gum."platforms.macos-arm64"]
checksum = "sha256:e2a4b8596efa05821d8c58d0c1afbcd7ad1699ba69c689cc3ff23a4a99c8b237"
url = "https://github.com/charmbracelet/gum/releases/download/v0.17.0/gum_0.17.0_Darwin_arm64.tar.gz"

[tools.gum."platforms.macos-x64"]
checksum = "sha256:cd66576aeebe6cd19c771863c7e8d696e0e1d5387d1e7075666baa67c2052e53"
url = "https://github.com/charmbracelet/gum/releases/download/v0.17.0/gum_0.17.0_Darwin_x86_64.tar.gz"

[tools.gum."platforms.windows-x64"]
checksum = "sha256:b2be80531c6babc8d4e0e6ca95773d58118a2e1582ae006aace08dbc55503072"
url = "https://github.com/charmbracelet/gum/releases/download/v0.17.0/gum_0.17.0_Windows_x86_64.zip"

[[tools.hk]]
version = "1.46.0"
backend = "aqua:jdx/hk"

[tools.hk."platforms.linux-arm64"]
checksum = "sha256:bad1b4e52cce2147646d943baa06a7bdb3d182ae0876853897a72225626411ae"
url = "https://github.com/jdx/hk/releases/download/v1.46.0/hk-aarch64-unknown-linux-gnu.tar.gz"

[tools.hk."platforms.linux-arm64-musl"]
checksum = "sha256:ad11b69485096ec5b1822f5bad298d2a44664b85d10d0308c812473b17b1321a"
url = "https://github.com/jdx/hk/releases/download/v1.46.0/hk-aarch64-unknown-linux-musl.tar.gz"

[tools.hk."platforms.linux-x64"]
checksum = "sha256:85b2cc167443cd27b49e323ef9b9d1a946d4bc18196eccb66112842d30fb90cb"
url = "https://github.com/jdx/hk/releases/download/v1.46.0/hk-x86_64-unknown-linux-gnu.tar.gz"

[tools.hk."platforms.linux-x64-musl"]
checksum = "sha256:4ff45e1bfc9672b1b00572b4a50fac3b57e4add622ed56e9e2587745299932eb"
url = "https://github.com/jdx/hk/releases/download/v1.46.0/hk-x86_64-unknown-linux-musl.tar.gz"

[tools.hk."platforms.macos-arm64"]
checksum = "sha256:9db3fac25754cfb929dc3f92b294fffdb966d4e838b8e0adeaf5b9b7eccc4f6c"
url = "https://github.com/jdx/hk/releases/download/v1.46.0/hk-aarch64-apple-darwin.tar.gz"

[tools.hk."platforms.windows-x64"]
checksum = "sha256:5af7e769acb7f70d8630ed53ae1fb2cc4b205117f29df5d83619fa0ff72a3bf1"
url = "https://github.com/jdx/hk/releases/download/v1.46.0/hk-x86_64-pc-windows-msvc.zip"

[[tools.jq]]
version = "1.8.1"
backend = "aqua:jqlang/jq"

[tools.jq."platforms.linux-arm64"]
checksum = "sha256:6bc62f25981328edd3cfcfe6fe51b073f2d7e7710d7ef7fcdac28d4e384fc3d4"
url = "https://github.com/jqlang/jq/releases/download/jq-1.8.1/jq-linux-arm64"
provenance = "github-attestations"

[tools.jq."platforms.linux-arm64-musl"]
checksum = "sha256:6bc62f25981328edd3cfcfe6fe51b073f2d7e7710d7ef7fcdac28d4e384fc3d4"
url = "https://github.com/jqlang/jq/releases/download/jq-1.8.1/jq-linux-arm64"
provenance = "github-attestations"

[tools.jq."platforms.linux-x64"]
checksum = "sha256:020468de7539ce70ef1bceaf7cde2e8c4f2ca6c3afb84642aabc5c97d9fc2a0d"
url = "https://github.com/jqlang/jq/releases/download/jq-1.8.1/jq-linux-amd64"
provenance = "github-attestations"

[tools.jq."platforms.linux-x64-musl"]
checksum = "sha256:020468de7539ce70ef1bceaf7cde2e8c4f2ca6c3afb84642aabc5c97d9fc2a0d"
url = "https://github.com/jqlang/jq/releases/download/jq-1.8.1/jq-linux-amd64"
provenance = "github-attestations"

[tools.jq."platforms.macos-arm64"]
checksum = "sha256:a9fe3ea2f86dfc72f6728417521ec9067b343277152b114f4e98d8cb0e263603"
url = "https://github.com/jqlang/jq/releases/download/jq-1.8.1/jq-macos-arm64"
provenance = "github-attestations"

[tools.jq."platforms.macos-x64"]
checksum = "sha256:e80dbe0d2a2597e3c11c404f03337b981d74b4a8504b70586c354b7697a7c27f"
url = "https://github.com/jqlang/jq/releases/download/jq-1.8.1/jq-macos-amd64"
provenance = "github-attestations"

[tools.jq."platforms.windows-x64"]
checksum = "sha256:23cb60a1354eed6bcc8d9b9735e8c7b388cd1fdcb75726b93bc299ef22dd9334"
url = "https://github.com/jqlang/jq/releases/download/jq-1.8.1/jq-windows-amd64.exe"
provenance = "github-attestations"

[[tools.ni]]
version = "30.1.0"
backend = "npm:@antfu/ni"

[[tools.pkl]]
version = "0.31.1"
backend = "aqua:apple/pkl"

[tools.pkl."platforms.linux-arm64"]
checksum = "sha256:7ef10e743daa921fb94ae7bdb9ec6986f362bf250c55814b9ea2aeb13f2d083e"
url = "https://github.com/apple/pkl/releases/download/0.31.1/pkl-linux-aarch64"

[tools.pkl."platforms.linux-arm64-musl"]
checksum = "sha256:7ef10e743daa921fb94ae7bdb9ec6986f362bf250c55814b9ea2aeb13f2d083e"
url = "https://github.com/apple/pkl/releases/download/0.31.1/pkl-linux-aarch64"

[tools.pkl."platforms.linux-x64"]
checksum = "sha256:618f13955d755cafbfe8c9cba1d27635848cd49dbc6abffd398d2751db1231bf"
url = "https://github.com/apple/pkl/releases/download/0.31.1/pkl-linux-amd64"

[tools.pkl."platforms.linux-x64-musl"]
checksum = "sha256:618f13955d755cafbfe8c9cba1d27635848cd49dbc6abffd398d2751db1231bf"
url = "https://github.com/apple/pkl/releases/download/0.31.1/pkl-linux-amd64"

[tools.pkl."platforms.macos-arm64"]
checksum = "sha256:1b6a5438d9624cd2798a7530721bbbfa27ef72efe5c878a1b6c546c6e7ca0e8f"
url = "https://github.com/apple/pkl/releases/download/0.31.1/pkl-macos-aarch64"

[tools.pkl."platforms.macos-x64"]
checksum = "sha256:22123ed4ae4c03afa8c54c69f77f0bec39b0fa0f67b09d6d148e0a376a2a471d"
url = "https://github.com/apple/pkl/releases/download/0.31.1/pkl-macos-amd64"

[tools.pkl."platforms.windows-x64"]
checksum = "sha256:a8834481667325b44c539dbb758d7365a16389070f343c04b639bbe525ede013"
url = "https://github.com/apple/pkl/releases/download/0.31.1/pkl-windows-amd64.exe"

[[tools.pnpm]]
version = "11.5.1"
backend = "aqua:pnpm/pnpm"

[tools.pnpm."platforms.linux-arm64"]
checksum = "sha256:6f1e9d36d12a84aafddbbd024f9e98104aa701c888f05f7df5f4149e2fe87479"
url = "https://github.com/pnpm/pnpm/releases/download/v11.5.1/pnpm-linux-arm64.tar.gz"
provenance = "github-attestations"

[tools.pnpm."platforms.linux-arm64-musl"]
checksum = "sha256:24af7c258d77dd3af077be7775a67d462097864443b5bd48b93baf11c5bfe500"
url = "https://github.com/pnpm/pnpm/releases/download/v11.5.1/pnpm-linux-arm64-musl.tar.gz"
provenance = "github-attestations"

[tools.pnpm."platforms.linux-x64"]
checksum = "sha256:5cebc2fa002cabc2008075148427e1aa7baaa7df17dd9f5226e2b1b401e83583"
url = "https://github.com/pnpm/pnpm/releases/download/v11.5.1/pnpm-linux-x64.tar.gz"
provenance = "github-attestations"

[tools.pnpm."platforms.linux-x64-baseline"]
checksum = "sha256:5cebc2fa002cabc2008075148427e1aa7baaa7df17dd9f5226e2b1b401e83583"
url = "https://github.com/pnpm/pnpm/releases/download/v11.5.1/pnpm-linux-x64.tar.gz"
provenance = "github-attestations"

[tools.pnpm."platforms.linux-x64-musl"]
checksum = "sha256:103e77f25422802a89c6206a09466b05042e9f8e40921db177550944abc7882c"
url = "https://github.com/pnpm/pnpm/releases/download/v11.5.1/pnpm-linux-x64-musl.tar.gz"
provenance = "github-attestations"

[tools.pnpm."platforms.linux-x64-musl-baseline"]
checksum = "sha256:103e77f25422802a89c6206a09466b05042e9f8e40921db177550944abc7882c"
url = "https://github.com/pnpm/pnpm/releases/download/v11.5.1/pnpm-linux-x64-musl.tar.gz"
provenance = "github-attestations"

[tools.pnpm."platforms.macos-arm64"]
checksum = "sha256:6533dc62f42eafc1965ef3170fb0bf750ae5c3064d0fd9bcc50bc72c5b95e4c2"
url = "https://github.com/pnpm/pnpm/releases/download/v11.5.1/pnpm-darwin-arm64.tar.gz"
provenance = "github-attestations"

[tools.pnpm."platforms.windows-x64"]
checksum = "sha256:776efb770783a262d3de71ee0001460845e8b0ccb9c1a6ceba005fa47dc2d90b"
url = "https://github.com/pnpm/pnpm/releases/download/v11.5.1/pnpm-win32-x64.zip"
provenance = "github-attestations"

[tools.pnpm."platforms.windows-x64-baseline"]
checksum = "sha256:776efb770783a262d3de71ee0001460845e8b0ccb9c1a6ceba005fa47dc2d90b"
url = "https://github.com/pnpm/pnpm/releases/download/v11.5.1/pnpm-win32-x64.zip"
provenance = "github-attestations"

[[tools.rumdl]]
version = "0.2.4"
backend = "aqua:rvben/rumdl"

[tools.rumdl."platforms.linux-arm64"]
checksum = "sha256:dbebfff0b8069550f12a833572c3caf7177baebbe7aec7dbcc0cadbba01125a0"
url = "https://github.com/rvben/rumdl/releases/download/v0.2.4/rumdl-v0.2.4-aarch64-unknown-linux-musl.tar.gz"
provenance = "github-attestations"

[tools.rumdl."platforms.linux-arm64-musl"]
checksum = "sha256:dbebfff0b8069550f12a833572c3caf7177baebbe7aec7dbcc0cadbba01125a0"
url = "https://github.com/rvben/rumdl/releases/download/v0.2.4/rumdl-v0.2.4-aarch64-unknown-linux-musl.tar.gz"
provenance = "github-attestations"

[tools.rumdl."platforms.linux-x64"]
checksum = "sha256:b0ae99a215671311d425d49abe65bd69b9fe153f3662b489b8243e73e036959f"
url = "https://github.com/rvben/rumdl/releases/download/v0.2.4/rumdl-v0.2.4-x86_64-unknown-linux-musl.tar.gz"
provenance = "github-attestations"

[tools.rumdl."platforms.linux-x64-musl"]
checksum = "sha256:b0ae99a215671311d425d49abe65bd69b9fe153f3662b489b8243e73e036959f"
url = "https://github.com/rvben/rumdl/releases/download/v0.2.4/rumdl-v0.2.4-x86_64-unknown-linux-musl.tar.gz"
provenance = "github-attestations"

[tools.rumdl."platforms.macos-arm64"]
checksum = "sha256:83aeb436ea758e9ac8524c580fe5d995d893fbd0544e1cda534cdc5ebbce7a1f"
url = "https://github.com/rvben/rumdl/releases/download/v0.2.4/rumdl-v0.2.4-aarch64-apple-darwin.tar.gz"
provenance = "github-attestations"

[tools.rumdl."platforms.macos-x64"]
checksum = "sha256:64bcc51604ce5e2af47b990b8fed5cb81d5766fabc42ccb9917b7d4fcb356e74"
url = "https://github.com/rvben/rumdl/releases/download/v0.2.4/rumdl-v0.2.4-x86_64-apple-darwin.tar.gz"
provenance = "github-attestations"

[tools.rumdl."platforms.windows-x64"]
checksum = "sha256:d3bb0de583f4a01c110e47cefb7b5c048cfba38707e4c828c18aca4cda4a5e4e"
url = "https://github.com/rvben/rumdl/releases/download/v0.2.4/rumdl-v0.2.4-x86_64-pc-windows-msvc.zip"
provenance = "github-attestations"

[[tools.shfmt]]
version = "3.13.1"
backend = "aqua:mvdan/sh"

[tools.shfmt."platforms.linux-arm64"]
checksum = "sha256:32d92acaa5cd8abb29fc49dac123dc412442d5713967819d8af2c29f1b3857c7"
url = "https://github.com/mvdan/sh/releases/download/v3.13.1/shfmt_v3.13.1_linux_arm64"

[tools.shfmt."platforms.linux-arm64-musl"]
checksum = "sha256:32d92acaa5cd8abb29fc49dac123dc412442d5713967819d8af2c29f1b3857c7"
url = "https://github.com/mvdan/sh/releases/download/v3.13.1/shfmt_v3.13.1_linux_arm64"

[tools.shfmt."platforms.linux-x64"]
checksum = "sha256:fb096c5d1ac6beabbdbaa2874d025badb03ee07929f0c9ff67563ce8c75398b1"
url = "https://github.com/mvdan/sh/releases/download/v3.13.1/shfmt_v3.13.1_linux_amd64"

[tools.shfmt."platforms.linux-x64-musl"]
checksum = "sha256:fb096c5d1ac6beabbdbaa2874d025badb03ee07929f0c9ff67563ce8c75398b1"
url = "https://github.com/mvdan/sh/releases/download/v3.13.1/shfmt_v3.13.1_linux_amd64"

[tools.shfmt."platforms.macos-arm64"]
checksum = "sha256:9680526be4a66ea1ffe988ed08af58e1400fe1e4f4aef5bd88b20bb9b3da33f8"
url = "https://github.com/mvdan/sh/releases/download/v3.13.1/shfmt_v3.13.1_darwin_arm64"

[tools.shfmt."platforms.macos-x64"]
checksum = "sha256:6feedafc72915794163114f512348e2437d080d0047ef8b8fa2ec63b575f12af"
url = "https://github.com/mvdan/sh/releases/download/v3.13.1/shfmt_v3.13.1_darwin_amd64"

[tools.shfmt."platforms.windows-x64"]
checksum = "sha256:60cd368533d0ad73fa86d93d5bbf95ef40587245ce684ed138c1b31557b5fe97"
url = "https://github.com/mvdan/sh/releases/download/v3.13.1/shfmt_v3.13.1_windows_amd64.exe"

[[tools.tombi]]
version = "1.1.1"
backend = "aqua:tombi-toml/tombi"

[tools.tombi."platforms.linux-arm64"]
checksum = "sha256:990aa9d963cb38aaa3cb327cca07420d3af601322eff3a6fe6ab4cdc3acc776a"
url = "https://github.com/tombi-toml/tombi/releases/download/v1.1.1/tombi-cli-1.1.1-aarch64-unknown-linux-musl.tar.gz"

[tools.tombi."platforms.linux-arm64-musl"]
checksum = "sha256:990aa9d963cb38aaa3cb327cca07420d3af601322eff3a6fe6ab4cdc3acc776a"
url = "https://github.com/tombi-toml/tombi/releases/download/v1.1.1/tombi-cli-1.1.1-aarch64-unknown-linux-musl.tar.gz"

[tools.tombi."platforms.linux-x64"]
checksum = "sha256:6b01a72fbf67eb158a2efc72f7081756d87e2397054e0faf4de4b36478813342"
url = "https://github.com/tombi-toml/tombi/releases/download/v1.1.1/tombi-cli-1.1.1-x86_64-unknown-linux-musl.tar.gz"

[tools.tombi."platforms.linux-x64-musl"]
checksum = "sha256:6b01a72fbf67eb158a2efc72f7081756d87e2397054e0faf4de4b36478813342"
url = "https://github.com/tombi-toml/tombi/releases/download/v1.1.1/tombi-cli-1.1.1-x86_64-unknown-linux-musl.tar.gz"

[tools.tombi."platforms.macos-arm64"]
checksum = "sha256:3e675cbae672e37c9158f2a29cfd03033b912742cde6105cb3cbffd156488fb1"
url = "https://github.com/tombi-toml/tombi/releases/download/v1.1.1/tombi-cli-1.1.1-aarch64-apple-darwin.tar.gz"

[tools.tombi."platforms.macos-x64"]
checksum = "sha256:f4c70cfb7b1ada225df2b996ba97820a80dd9704484945f57fc18ad8fa18d9c6"
url = "https://github.com/tombi-toml/tombi/releases/download/v1.1.1/tombi-cli-1.1.1-x86_64-apple-darwin.tar.gz"

[tools.tombi."platforms.windows-x64"]
checksum = "sha256:e899a3ae3a9361456061676b6264a5db0d4bb3e7d45e8890265d0ab5906439d1"
url = "https://github.com/tombi-toml/tombi/releases/download/v1.1.1/tombi-cli-1.1.1-x86_64-pc-windows-msvc.zip"
