# @generated - this file is auto-generated by `mise lock` https://mise.jdx.dev/dev-tools/mise-lock.html

[[tools.bun]]
version = "1.3.14"
backend = "core:bun"

[tools.bun."platforms.linux-arm64"]
checksum = "sha256:a27ffb63a8310375836e0d6f668ae17fa8d8d18b88c37c821c65331973a19a3b"
url = "https://github.com/oven-sh/bun/releases/download/bun-v1.3.14/bun-linux-aarch64.zip"

[tools.bun."platforms.linux-arm64-musl"]
checksum = "sha256:b98e0ad3625c5c00d1d5b5ff55605c7adddbfae151861e68ade57b2d3b8703bb"
url = "https://github.com/oven-sh/bun/releases/download/bun-v1.3.14/bun-linux-aarch64-musl.zip"

[tools.bun."platforms.linux-x64"]
checksum = "sha256:951ee2aee855f08595aeec6225226a298d3fea83a3dcd6465c09cbccdf7e848f"
url = "https://github.com/oven-sh/bun/releases/download/bun-v1.3.14/bun-linux-x64.zip"

[tools.bun."platforms.linux-x64-baseline"]
checksum = "sha256:a063908ae08b7852ca10939bbdc6ceed3ddabce8fb9402dce83d65d73b36e6c7"
url = "https://github.com/oven-sh/bun/releases/download/bun-v1.3.14/bun-linux-x64-baseline.zip"

[tools.bun."platforms.linux-x64-musl"]
checksum = "sha256:14bd9aedeebf1dba67e8def9531c89bc989ecfdf1de42e5bfcaf1b8cd9294719"
url = "https://github.com/oven-sh/bun/releases/download/bun-v1.3.14/bun-linux-x64-musl.zip"

[tools.bun."platforms.linux-x64-musl-baseline"]
checksum = "sha256:56a7d6806cf155536c0178f0ea5fbd098e684fa509ebdb4fc0a7e19fb65382dc"
url = "https://github.com/oven-sh/bun/releases/download/bun-v1.3.14/bun-linux-x64-musl-baseline.zip"

[tools.bun."platforms.macos-arm64"]
checksum = "sha256:d8b96221828ad6f97ac7ac0ab7e95872341af763001e8803e8267652c2652620"
url = "https://github.com/oven-sh/bun/releases/download/bun-v1.3.14/bun-darwin-aarch64.zip"

[tools.bun."platforms.macos-x64"]
checksum = "sha256:4183df3374623e5bab315c547cfa0974533cd457d86b73b639f7a87974cd6633"
url = "https://github.com/oven-sh/bun/releases/download/bun-v1.3.14/bun-darwin-x64.zip"

[tools.bun."platforms.macos-x64-baseline"]
checksum = "sha256:3e35ad6f53971a9834bf9e6786e2adf72b5f1921cc9a9c5fde073d2972944076"
url = "https://github.com/oven-sh/bun/releases/download/bun-v1.3.14/bun-darwin-x64-baseline.zip"

[tools.bun."platforms.windows-x64"]
checksum = "sha256:0a0620930b6675d7ba440e81f4e0e00d3cfbe096c4b140d3fff02205e9e18922"
url = "https://github.com/oven-sh/bun/releases/download/bun-v1.3.14/bun-windows-x64.zip"

[tools.bun."platforms.windows-x64-baseline"]
checksum = "sha256:538f9c846355d9e847b2671bc00c47da4229a0befb24df3282b739770f3b475f"
url = "https://github.com/oven-sh/bun/releases/download/bun-v1.3.14/bun-windows-x64-baseline.zip"

[[tools.flyctl]]
version = "0.4.69"
backend = "aqua:superfly/flyctl"

[tools.flyctl."platforms.linux-arm64"]
checksum = "sha256:03e6f66be3e8e490675cef37038f5db271db072b2b6c54b43818040eb1ba5681"
url = "https://github.com/superfly/flyctl/releases/download/v0.4.69/flyctl_0.4.69_Linux_arm64.tar.gz"
url_api = "https://api.github.com/repos/superfly/flyctl/releases/assets/471681652"

[tools.flyctl."platforms.linux-arm64-musl"]
checksum = "sha256:03e6f66be3e8e490675cef37038f5db271db072b2b6c54b43818040eb1ba5681"
url = "https://github.com/superfly/flyctl/releases/download/v0.4.69/flyctl_0.4.69_Linux_arm64.tar.gz"
url_api = "https://api.github.com/repos/superfly/flyctl/releases/assets/471681652"

[tools.flyctl."platforms.linux-x64"]
checksum = "sha256:d195fdd226bc7c2ebd004d20ecce095e418aec723d5cfd1b4fbde83b25cdb186"
url = "https://github.com/superfly/flyctl/releases/download/v0.4.69/flyctl_0.4.69_Linux_x86_64.tar.gz"
url_api = "https://api.github.com/repos/superfly/flyctl/releases/assets/471681656"

[tools.flyctl."platforms.linux-x64-musl"]
checksum = "sha256:d195fdd226bc7c2ebd004d20ecce095e418aec723d5cfd1b4fbde83b25cdb186"
url = "https://github.com/superfly/flyctl/releases/download/v0.4.69/flyctl_0.4.69_Linux_x86_64.tar.gz"
url_api = "https://api.github.com/repos/superfly/flyctl/releases/assets/471681656"

[tools.flyctl."platforms.macos-arm64"]
checksum = "sha256:a2ed914e6ebbcde3d626088839a5b21f42dd280e241c5718b69e7e8c96ab9ea4"
url = "https://github.com/superfly/flyctl/releases/download/v0.4.69/flyctl_0.4.69_macOS_arm64.tar.gz"
url_api = "https://api.github.com/repos/superfly/flyctl/releases/assets/471681658"

[tools.flyctl."platforms.macos-x64"]
checksum = "sha256:c06785fcb7843d568424e289f3988ef046cfe341f5d6d19f78fafe763ed55293"
url = "https://github.com/superfly/flyctl/releases/download/v0.4.69/flyctl_0.4.69_macOS_x86_64.tar.gz"
url_api = "https://api.github.com/repos/superfly/flyctl/releases/assets/471681657"

[tools.flyctl."platforms.windows-x64"]
checksum = "sha256:09fbf68411bd6c737a3be9525ea2d60c7b41a42f3e594fc077a91ac0c90ebb9a"
url = "https://github.com/superfly/flyctl/releases/download/v0.4.69/flyctl_0.4.69_Windows_x86_64.zip"
url_api = "https://api.github.com/repos/superfly/flyctl/releases/assets/471681712"

[[tools."github:howmanysmall/npm-registry-mcp"]]
version = "0.5.0"
backend = "github:howmanysmall/npm-registry-mcp"

[tools."github:howmanysmall/npm-registry-mcp"."platforms.linux-arm64"]
checksum = "sha256:a4d47bf9090775d9b05a81277d0bc1fa842159b9dc8ab0e53234b0f55c261707"
url = "https://github.com/howmanysmall/npm-registry-mcp/releases/download/v0.5.0/npm-registry-mcp_linux_arm64.tar.gz"
url_api = "https://api.github.com/repos/howmanysmall/npm-registry-mcp/releases/assets/359512040"

[tools."github:howmanysmall/npm-registry-mcp"."platforms.linux-arm64-musl"]
checksum = "sha256:a4d47bf9090775d9b05a81277d0bc1fa842159b9dc8ab0e53234b0f55c261707"
url = "https://github.com/howmanysmall/npm-registry-mcp/releases/download/v0.5.0/npm-registry-mcp_linux_arm64.tar.gz"
url_api = "https://api.github.com/repos/howmanysmall/npm-registry-mcp/releases/assets/359512040"

[tools."github:howmanysmall/npm-registry-mcp"."platforms.linux-x64"]
checksum = "sha256:ce0e94761beb6f326613794ddf0a5bdb3cb5404c50b1d26ef14670882dc518f1"
url = "https://github.com/howmanysmall/npm-registry-mcp/releases/download/v0.5.0/npm-registry-mcp_linux_x86_64.tar.gz"
url_api = "https://api.github.com/repos/howmanysmall/npm-registry-mcp/releases/assets/359512057"

[tools."github:howmanysmall/npm-registry-mcp"."platforms.linux-x64-musl"]
checksum = "sha256:ce0e94761beb6f326613794ddf0a5bdb3cb5404c50b1d26ef14670882dc518f1"
url = "https://github.com/howmanysmall/npm-registry-mcp/releases/download/v0.5.0/npm-registry-mcp_linux_x86_64.tar.gz"
url_api = "https://api.github.com/repos/howmanysmall/npm-registry-mcp/releases/assets/359512057"

[tools."github:howmanysmall/npm-registry-mcp"."platforms.macos-arm64"]
checksum = "sha256:df9bfc25847f5d756fe05c95cd21d7ca97e343abec634252794a43d5c895191e"
url = "https://github.com/howmanysmall/npm-registry-mcp/releases/download/v0.5.0/npm-registry-mcp_darwin_arm64.tar.gz"
url_api = "https://api.github.com/repos/howmanysmall/npm-registry-mcp/releases/assets/359512042"

[tools."github:howmanysmall/npm-registry-mcp"."platforms.macos-x64"]
checksum = "sha256:5d740f2d9ea863b76f3e8ea46095693857ee567c5aee42480b741c74a81f397b"
url = "https://github.com/howmanysmall/npm-registry-mcp/releases/download/v0.5.0/npm-registry-mcp_darwin_x86_64.tar.gz"
url_api = "https://api.github.com/repos/howmanysmall/npm-registry-mcp/releases/assets/359512055"

[tools."github:howmanysmall/npm-registry-mcp"."platforms.windows-x64"]
checksum = "sha256:725bfd534aa9332de1a45401ed352a8daf73cc07c3957837df4e88723309176c"
url = "https://github.com/howmanysmall/npm-registry-mcp/releases/download/v0.5.0/npm-registry-mcp_windows_x86_64.zip"
url_api = "https://api.github.com/repos/howmanysmall/npm-registry-mcp/releases/assets/359512044"

[[tools."github:howmanysmall/pullhook"]]
version = "1.1.1"
backend = "github:howmanysmall/pullhook"

[tools."github:howmanysmall/pullhook"."platforms.linux-arm64"]
checksum = "sha256:f427c6aeb9a9253089cdb278c13d6f82bfe7f73306b8ab4742d44880241ef613"
url = "https://github.com/howmanysmall/pullhook/releases/download/v1.1.1/pullhook-aarch64-unknown-linux-gnu.tar.xz"
url_api = "https://api.github.com/repos/howmanysmall/pullhook/releases/assets/419689291"

[tools."github:howmanysmall/pullhook"."platforms.linux-arm64-musl"]
checksum = "sha256:f427c6aeb9a9253089cdb278c13d6f82bfe7f73306b8ab4742d44880241ef613"
url = "https://github.com/howmanysmall/pullhook/releases/download/v1.1.1/pullhook-aarch64-unknown-linux-gnu.tar.xz"
url_api = "https://api.github.com/repos/howmanysmall/pullhook/releases/assets/419689291"

[tools."github:howmanysmall/pullhook"."platforms.linux-x64"]
checksum = "sha256:44489d2689351fb1c749792c71c09cfaef3009c7edbc42b8007cdb9f027d5959"
url = "https://github.com/howmanysmall/pullhook/releases/download/v1.1.1/pullhook-x86_64-unknown-linux-musl.tar.xz"
url_api = "https://api.github.com/repos/howmanysmall/pullhook/releases/assets/419689297"

[tools."github:howmanysmall/pullhook"."platforms.linux-x64-musl"]
checksum = "sha256:44489d2689351fb1c749792c71c09cfaef3009c7edbc42b8007cdb9f027d5959"
url = "https://github.com/howmanysmall/pullhook/releases/download/v1.1.1/pullhook-x86_64-unknown-linux-musl.tar.xz"
url_api = "https://api.github.com/repos/howmanysmall/pullhook/releases/assets/419689297"

[tools."github:howmanysmall/pullhook"."platforms.macos-arm64"]
checksum = "sha256:91a6339aab34c52e58da5f765d521b8919037372a0cb934c6f3412fd6ee43741"
url = "https://github.com/howmanysmall/pullhook/releases/download/v1.1.1/pullhook-aarch64-apple-darwin.tar.xz"
url_api = "https://api.github.com/repos/howmanysmall/pullhook/releases/assets/419689290"

[tools."github:howmanysmall/pullhook"."platforms.macos-x64"]
checksum = "sha256:8f465d07b20f226ae40b84c168e2ccabbeeaad2c32f9f0197c99f4b611dd043e"
url = "https://github.com/howmanysmall/pullhook/releases/download/v1.1.1/pullhook-x86_64-apple-darwin.tar.xz"
url_api = "https://api.github.com/repos/howmanysmall/pullhook/releases/assets/419689294"

[tools."github:howmanysmall/pullhook"."platforms.windows-x64"]
checksum = "sha256:89089232002d3c6eaa5a033f015985fab3e16aea6ca0d633bf609ac34bffae6a"
url = "https://github.com/howmanysmall/pullhook/releases/download/v1.1.1/pullhook-x86_64-pc-windows-msvc.zip"
url_api = "https://api.github.com/repos/howmanysmall/pullhook/releases/assets/419689296"

[[tools.gum]]
version = "0.17.0"
backend = "aqua:charmbracelet/gum"

[tools.gum."platforms.linux-arm64"]
checksum = "sha256:b0b9ed95cbf7c8b7073f17b9591811f5c001e33c7cfd066ca83ce8a07c576f9c"
url = "https://github.com/charmbracelet/gum/releases/download/v0.17.0/gum_0.17.0_Linux_arm64.tar.gz"
url_api = "https://api.github.com/repos/charmbracelet/gum/releases/assets/290080957"

[tools.gum."platforms.linux-arm64-musl"]
checksum = "sha256:b0b9ed95cbf7c8b7073f17b9591811f5c001e33c7cfd066ca83ce8a07c576f9c"
url = "https://github.com/charmbracelet/gum/releases/download/v0.17.0/gum_0.17.0_Linux_arm64.tar.gz"
url_api = "https://api.github.com/repos/charmbracelet/gum/releases/assets/290080957"

[tools.gum."platforms.linux-x64"]
checksum = "sha256:69ee169bd6387331928864e94d47ed01ef649fbfe875baed1bbf27b5377a6fdb"
url = "https://github.com/charmbracelet/gum/releases/download/v0.17.0/gum_0.17.0_Linux_x86_64.tar.gz"
url_api = "https://api.github.com/repos/charmbracelet/gum/releases/assets/290080949"

[tools.gum."platforms.linux-x64-musl"]
checksum = "sha256:69ee169bd6387331928864e94d47ed01ef649fbfe875baed1bbf27b5377a6fdb"
url = "https://github.com/charmbracelet/gum/releases/download/v0.17.0/gum_0.17.0_Linux_x86_64.tar.gz"
url_api = "https://api.github.com/repos/charmbracelet/gum/releases/assets/290080949"

[tools.gum."platforms.macos-arm64"]
checksum = "sha256:e2a4b8596efa05821d8c58d0c1afbcd7ad1699ba69c689cc3ff23a4a99c8b237"
url = "https://github.com/charmbracelet/gum/releases/download/v0.17.0/gum_0.17.0_Darwin_arm64.tar.gz"
url_api = "https://api.github.com/repos/charmbracelet/gum/releases/assets/290080948"

[tools.gum."platforms.macos-x64"]
checksum = "sha256:cd66576aeebe6cd19c771863c7e8d696e0e1d5387d1e7075666baa67c2052e53"
url = "https://github.com/charmbracelet/gum/releases/download/v0.17.0/gum_0.17.0_Darwin_x86_64.tar.gz"
url_api = "https://api.github.com/repos/charmbracelet/gum/releases/assets/290080970"

[tools.gum."platforms.windows-x64"]
checksum = "sha256:b2be80531c6babc8d4e0e6ca95773d58118a2e1582ae006aace08dbc55503072"
url = "https://github.com/charmbracelet/gum/releases/download/v0.17.0/gum_0.17.0_Windows_x86_64.zip"
url_api = "https://api.github.com/repos/charmbracelet/gum/releases/assets/290080922"

[[tools.hk]]
version = "1.50.0"
backend = "aqua:jdx/hk"

[tools.hk."platforms.linux-arm64"]
checksum = "sha256:759f782c24db20954b471de64b0aaf1b10157ed0aa1b64eca9b8f6dc4f7cfc0b"
url = "https://github.com/jdx/hk/releases/download/v1.50.0/hk-aarch64-unknown-linux-gnu.tar.gz"
url_api = "https://api.github.com/repos/jdx/hk/releases/assets/468492723"

[tools.hk."platforms.linux-arm64-musl"]
checksum = "sha256:072ce468ec07d31797e2d08e96f5fd036ff220a5d8a97584eea3b7d780072c95"
url = "https://github.com/jdx/hk/releases/download/v1.50.0/hk-aarch64-unknown-linux-musl.tar.gz"
url_api = "https://api.github.com/repos/jdx/hk/releases/assets/468492724"

[tools.hk."platforms.linux-x64"]
checksum = "sha256:a86a19b51277401410fcfad76f650b5172882d91a6e624a63b9e20f81a6476bc"
url = "https://github.com/jdx/hk/releases/download/v1.50.0/hk-x86_64-unknown-linux-gnu.tar.gz"
url_api = "https://api.github.com/repos/jdx/hk/releases/assets/468492733"

[tools.hk."platforms.linux-x64-musl"]
checksum = "sha256:cd49292560a497058a615a1c5537af131df73d893773cdd612585274db138c58"
url = "https://github.com/jdx/hk/releases/download/v1.50.0/hk-x86_64-unknown-linux-musl.tar.gz"
url_api = "https://api.github.com/repos/jdx/hk/releases/assets/468492735"

[tools.hk."platforms.macos-arm64"]
checksum = "sha256:0e11012d1106350774de880bfc54e5b2fef77b1a1b7bf51e09f4b1423e9cb39b"
url = "https://github.com/jdx/hk/releases/download/v1.50.0/hk-aarch64-apple-darwin.tar.gz"
url_api = "https://api.github.com/repos/jdx/hk/releases/assets/468492721"

[tools.hk."platforms.windows-x64"]
checksum = "sha256:19055e34af501a3cb7568b55f31ea4f0e38760d518b79e17d71fdd39ba0882eb"
url = "https://github.com/jdx/hk/releases/download/v1.50.0/hk-x86_64-pc-windows-msvc.zip"
url_api = "https://api.github.com/repos/jdx/hk/releases/assets/468492725"

[[tools.jq]]
version = "1.8.2"
backend = "aqua:jqlang/jq"

[tools.jq."platforms.linux-arm64"]
checksum = "sha256:8b85c817833814ddca00a144c33705546355afccf0cf39b188f3cdb48b852309"
url = "https://github.com/jqlang/jq/releases/download/jq-1.8.2/jq-linux-arm64"
url_api = "https://api.github.com/repos/jqlang/jq/releases/assets/453012756"
provenance = "github-attestations"

[tools.jq."platforms.linux-arm64-musl"]
checksum = "sha256:8b85c817833814ddca00a144c33705546355afccf0cf39b188f3cdb48b852309"
url = "https://github.com/jqlang/jq/releases/download/jq-1.8.2/jq-linux-arm64"
url_api = "https://api.github.com/repos/jqlang/jq/releases/assets/453012756"
provenance = "github-attestations"

[tools.jq."platforms.linux-x64"]
checksum = "sha256:b1c22172dd303f3be49e935aa56aa48a8b7a46e0bc838b4997d3bb451495870f"
url = "https://github.com/jqlang/jq/releases/download/jq-1.8.2/jq-linux-amd64"
url_api = "https://api.github.com/repos/jqlang/jq/releases/assets/453012752"
provenance = "github-attestations"

[tools.jq."platforms.linux-x64-musl"]
checksum = "sha256:b1c22172dd303f3be49e935aa56aa48a8b7a46e0bc838b4997d3bb451495870f"
url = "https://github.com/jqlang/jq/releases/download/jq-1.8.2/jq-linux-amd64"
url_api = "https://api.github.com/repos/jqlang/jq/releases/assets/453012752"
provenance = "github-attestations"

[tools.jq."platforms.macos-arm64"]
checksum = "sha256:2d75340ba57a4b4b4c8708a21c2dc8e958a48aaa8bba13b27f77f6e4c0eca07e"
url = "https://github.com/jqlang/jq/releases/download/jq-1.8.2/jq-macos-arm64"
url_api = "https://api.github.com/repos/jqlang/jq/releases/assets/453012783"
provenance = "github-attestations"

[tools.jq."platforms.macos-x64"]
checksum = "sha256:e94b266e3c26690550006abe63152b782280f4e14374accdf04cbde844f00bc0"
url = "https://github.com/jqlang/jq/releases/download/jq-1.8.2/jq-macos-amd64"
url_api = "https://api.github.com/repos/jqlang/jq/releases/assets/453012782"
provenance = "github-attestations"

[tools.jq."platforms.windows-x64"]
checksum = "sha256:a6fc67fedaf9128a3309a1e2ebb8b986aeccf70122ee46d2cb4849e423f0c627"
url = "https://github.com/jqlang/jq/releases/download/jq-1.8.2/jq-windows-amd64.exe"
url_api = "https://api.github.com/repos/jqlang/jq/releases/assets/453012788"
provenance = "github-attestations"

[[tools.ni]]
version = "30.2.0"
backend = "npm:@antfu/ni"

[[tools.nub]]
version = "0.4.10"
backend = "npm:@nubjs/nub"

[[tools.pkl]]
version = "0.32.0"
backend = "aqua:apple/pkl"

[tools.pkl."platforms.linux-arm64"]
checksum = "sha256:b1ba7ef5dec9287f8f843ce563911eba822fed5789a5baab8cc712615a9dbaf0"
url = "https://github.com/apple/pkl/releases/download/0.32.0/pkl-linux-aarch64"
url_api = "https://api.github.com/repos/apple/pkl/releases/assets/470498156"

[tools.pkl."platforms.linux-arm64-musl"]
checksum = "sha256:b1ba7ef5dec9287f8f843ce563911eba822fed5789a5baab8cc712615a9dbaf0"
url = "https://github.com/apple/pkl/releases/download/0.32.0/pkl-linux-aarch64"
url_api = "https://api.github.com/repos/apple/pkl/releases/assets/470498156"

[tools.pkl."platforms.linux-x64"]
checksum = "sha256:15e7e7375c28b8542b3d13fe35bccaeb7b9542114008998708385489885f41e7"
url = "https://github.com/apple/pkl/releases/download/0.32.0/pkl-linux-amd64"
url_api = "https://api.github.com/repos/apple/pkl/releases/assets/470498153"

[tools.pkl."platforms.linux-x64-musl"]
checksum = "sha256:15e7e7375c28b8542b3d13fe35bccaeb7b9542114008998708385489885f41e7"
url = "https://github.com/apple/pkl/releases/download/0.32.0/pkl-linux-amd64"
url_api = "https://api.github.com/repos/apple/pkl/releases/assets/470498153"

[tools.pkl."platforms.macos-arm64"]
checksum = "sha256:fb891856705f3dcb8589c74999e01ded3eeb6b77ad5c6a95c02579a848c13928"
url = "https://github.com/apple/pkl/releases/download/0.32.0/pkl-macos-aarch64"
url_api = "https://api.github.com/repos/apple/pkl/releases/assets/470498155"

[tools.pkl."platforms.macos-x64"]
checksum = "sha256:190ad63fec4f81f40e75dba8d6309033dd30e51b3e042db3b846f67c7ab46e3d"
url = "https://github.com/apple/pkl/releases/download/0.32.0/pkl-macos-amd64"
url_api = "https://api.github.com/repos/apple/pkl/releases/assets/470498183"

[tools.pkl."platforms.windows-x64"]
checksum = "sha256:61c40e940d5e61a0c54cc6bdef6ff26d44f02aeccd19fa0407125dc617dba030"
url = "https://github.com/apple/pkl/releases/download/0.32.0/pkl-windows-amd64.exe"
url_api = "https://api.github.com/repos/apple/pkl/releases/assets/470498222"

[[tools.pnpm]]
version = "11.10.0"
backend = "aqua:pnpm/pnpm"

[tools.pnpm."platforms.linux-arm64"]
checksum = "sha256:7da014033800db506095d8d5eb15c4b1df7aa9cc6a4992634e4d59c3985e720b"
url = "https://github.com/pnpm/pnpm/releases/download/v11.10.0/pnpm-linux-arm64.tar.gz"
url_api = "https://api.github.com/repos/pnpm/pnpm/releases/assets/466571515"
provenance = "github-attestations"

[tools.pnpm."platforms.linux-arm64-musl"]
checksum = "sha256:f3ff9b9041616c627d8b86b395d932fe703e6066e6e47c133fa525dfb5f39cc4"
url = "https://github.com/pnpm/pnpm/releases/download/v11.10.0/pnpm-linux-arm64-musl.tar.gz"
url_api = "https://api.github.com/repos/pnpm/pnpm/releases/assets/466571513"
provenance = "github-attestations"

[tools.pnpm."platforms.linux-x64"]
checksum = "sha256:cf22c9f1ba90f67c9a5cfb1cbe9c2087cf4c3a5c409dad738c1f8a38b8137666"
url = "https://github.com/pnpm/pnpm/releases/download/v11.10.0/pnpm-linux-x64.tar.gz"
url_api = "https://api.github.com/repos/pnpm/pnpm/releases/assets/466571518"
provenance = "github-attestations"

[tools.pnpm."platforms.linux-x64-musl"]
checksum = "sha256:ce68f57e8479d69aca120ab6dedf21a1560a885fcf3e9e5ef3333a08fd6ef6e9"
url = "https://github.com/pnpm/pnpm/releases/download/v11.10.0/pnpm-linux-x64-musl.tar.gz"
url_api = "https://api.github.com/repos/pnpm/pnpm/releases/assets/466571516"
provenance = "github-attestations"

[tools.pnpm."platforms.macos-arm64"]
checksum = "sha256:d0d8a55b47dbe07a80d13fec7ee5af9bdca36187e61f9562d72d81dd637178c4"
url = "https://github.com/pnpm/pnpm/releases/download/v11.10.0/pnpm-darwin-arm64.tar.gz"
url_api = "https://api.github.com/repos/pnpm/pnpm/releases/assets/466571520"
provenance = "github-attestations"

[tools.pnpm."platforms.windows-x64"]
checksum = "sha256:bb25e88285354cd2510a481859e5695b68f5def16f22e4ffb7aa76a87af4f700"
url = "https://github.com/pnpm/pnpm/releases/download/v11.10.0/pnpm-win32-x64.zip"
url_api = "https://api.github.com/repos/pnpm/pnpm/releases/assets/466571521"
provenance = "github-attestations"

[[tools.rumdl]]
version = "0.2.31"
backend = "aqua:rvben/rumdl"

[tools.rumdl."platforms.linux-arm64"]
checksum = "sha256:d5aa4ac3f94de9b6508021f70d78be592c6dc8b67ea499c6e203c1e3daf044b0"
url = "https://github.com/rvben/rumdl/releases/download/v0.2.31/rumdl-v0.2.31-aarch64-unknown-linux-musl.tar.gz"
url_api = "https://api.github.com/repos/rvben/rumdl/releases/assets/474381480"
provenance = "github-attestations"

[tools.rumdl."platforms.linux-arm64-musl"]
checksum = "sha256:d5aa4ac3f94de9b6508021f70d78be592c6dc8b67ea499c6e203c1e3daf044b0"
url = "https://github.com/rvben/rumdl/releases/download/v0.2.31/rumdl-v0.2.31-aarch64-unknown-linux-musl.tar.gz"
url_api = "https://api.github.com/repos/rvben/rumdl/releases/assets/474381480"
provenance = "github-attestations"

[tools.rumdl."platforms.linux-x64"]
checksum = "sha256:5550f7954457248c6e29715b69d4ec2e9394613de51f98b50fa81f197a29af92"
url = "https://github.com/rvben/rumdl/releases/download/v0.2.31/rumdl-v0.2.31-x86_64-unknown-linux-musl.tar.gz"
url_api = "https://api.github.com/repos/rvben/rumdl/releases/assets/474381477"
provenance = "github-attestations"

[tools.rumdl."platforms.linux-x64-musl"]
checksum = "sha256:5550f7954457248c6e29715b69d4ec2e9394613de51f98b50fa81f197a29af92"
url = "https://github.com/rvben/rumdl/releases/download/v0.2.31/rumdl-v0.2.31-x86_64-unknown-linux-musl.tar.gz"
url_api = "https://api.github.com/repos/rvben/rumdl/releases/assets/474381477"
provenance = "github-attestations"

[tools.rumdl."platforms.macos-arm64"]
checksum = "sha256:368a02639247be530043abc36c40310090c09ef69b32f5744f9a0d9cc2673be5"
url = "https://github.com/rvben/rumdl/releases/download/v0.2.31/rumdl-v0.2.31-aarch64-apple-darwin.tar.gz"
url_api = "https://api.github.com/repos/rvben/rumdl/releases/assets/474381484"
provenance = "github-attestations"

[tools.rumdl."platforms.macos-x64"]
checksum = "sha256:bc8933e04b5c83b8b14c21793c7f7902bc8b1a841bb1f1964c5f177b3cf7d05f"
url = "https://github.com/rvben/rumdl/releases/download/v0.2.31/rumdl-v0.2.31-x86_64-apple-darwin.tar.gz"
url_api = "https://api.github.com/repos/rvben/rumdl/releases/assets/474381479"
provenance = "github-attestations"

[tools.rumdl."platforms.windows-x64"]
checksum = "sha256:f8a4b2abf774301fd4ffd04f56e12fb0b2bf4357b28c63ec355405d57f0cfe88"
url = "https://github.com/rvben/rumdl/releases/download/v0.2.31/rumdl-v0.2.31-x86_64-pc-windows-msvc.zip"
url_api = "https://api.github.com/repos/rvben/rumdl/releases/assets/474381488"
provenance = "github-attestations"

[[tools.shfmt]]
version = "3.13.1"
backend = "aqua:mvdan/sh"

[tools.shfmt."platforms.linux-arm64"]
checksum = "sha256:32d92acaa5cd8abb29fc49dac123dc412442d5713967819d8af2c29f1b3857c7"
url = "https://github.com/mvdan/sh/releases/download/v3.13.1/shfmt_v3.13.1_linux_arm64"
url_api = "https://api.github.com/repos/mvdan/sh/releases/assets/390322859"

[tools.shfmt."platforms.linux-arm64-musl"]
checksum = "sha256:32d92acaa5cd8abb29fc49dac123dc412442d5713967819d8af2c29f1b3857c7"
url = "https://github.com/mvdan/sh/releases/download/v3.13.1/shfmt_v3.13.1_linux_arm64"
url_api = "https://api.github.com/repos/mvdan/sh/releases/assets/390322859"

[tools.shfmt."platforms.linux-x64"]
checksum = "sha256:fb096c5d1ac6beabbdbaa2874d025badb03ee07929f0c9ff67563ce8c75398b1"
url = "https://github.com/mvdan/sh/releases/download/v3.13.1/shfmt_v3.13.1_linux_amd64"
url_api = "https://api.github.com/repos/mvdan/sh/releases/assets/390322866"

[tools.shfmt."platforms.linux-x64-musl"]
checksum = "sha256:fb096c5d1ac6beabbdbaa2874d025badb03ee07929f0c9ff67563ce8c75398b1"
url = "https://github.com/mvdan/sh/releases/download/v3.13.1/shfmt_v3.13.1_linux_amd64"
url_api = "https://api.github.com/repos/mvdan/sh/releases/assets/390322866"

[tools.shfmt."platforms.macos-arm64"]
checksum = "sha256:9680526be4a66ea1ffe988ed08af58e1400fe1e4f4aef5bd88b20bb9b3da33f8"
url = "https://github.com/mvdan/sh/releases/download/v3.13.1/shfmt_v3.13.1_darwin_arm64"
url_api = "https://api.github.com/repos/mvdan/sh/releases/assets/390322881"

[tools.shfmt."platforms.macos-x64"]
checksum = "sha256:6feedafc72915794163114f512348e2437d080d0047ef8b8fa2ec63b575f12af"
url = "https://github.com/mvdan/sh/releases/download/v3.13.1/shfmt_v3.13.1_darwin_amd64"
url_api = "https://api.github.com/repos/mvdan/sh/releases/assets/390322886"

[tools.shfmt."platforms.windows-x64"]
checksum = "sha256:60cd368533d0ad73fa86d93d5bbf95ef40587245ce684ed138c1b31557b5fe97"
url = "https://github.com/mvdan/sh/releases/download/v3.13.1/shfmt_v3.13.1_windows_amd64.exe"
url_api = "https://api.github.com/repos/mvdan/sh/releases/assets/390322844"

[[tools.tombi]]
version = "1.2.0"
backend = "aqua:tombi-toml/tombi"

[tools.tombi."platforms.linux-arm64"]
checksum = "sha256:17aa2e8f50269b5decfef4b09701315ed3ed8da557e23d7d6c16d9263cc455eb"
url = "https://github.com/tombi-toml/tombi/releases/download/v1.2.0/tombi-cli-1.2.0-aarch64-unknown-linux-musl.tar.gz"
url_api = "https://api.github.com/repos/tombi-toml/tombi/releases/assets/467173941"
provenance = "github-attestations"

[tools.tombi."platforms.linux-arm64-musl"]
checksum = "sha256:17aa2e8f50269b5decfef4b09701315ed3ed8da557e23d7d6c16d9263cc455eb"
url = "https://github.com/tombi-toml/tombi/releases/download/v1.2.0/tombi-cli-1.2.0-aarch64-unknown-linux-musl.tar.gz"
url_api = "https://api.github.com/repos/tombi-toml/tombi/releases/assets/467173941"
provenance = "github-attestations"

[tools.tombi."platforms.linux-x64"]
checksum = "sha256:6f253f2fce04314a518f7c710471b4c0cdb0140e5a230092c83c98d8559c2816"
url = "https://github.com/tombi-toml/tombi/releases/download/v1.2.0/tombi-cli-1.2.0-x86_64-unknown-linux-musl.tar.gz"
url_api = "https://api.github.com/repos/tombi-toml/tombi/releases/assets/467173957"
provenance = "github-attestations"

[tools.tombi."platforms.linux-x64-musl"]
checksum = "sha256:6f253f2fce04314a518f7c710471b4c0cdb0140e5a230092c83c98d8559c2816"
url = "https://github.com/tombi-toml/tombi/releases/download/v1.2.0/tombi-cli-1.2.0-x86_64-unknown-linux-musl.tar.gz"
url_api = "https://api.github.com/repos/tombi-toml/tombi/releases/assets/467173957"
provenance = "github-attestations"

[tools.tombi."platforms.macos-arm64"]
checksum = "sha256:846aedc9ae344673a4deafbff76f5955bf437ec13e24f1b5eeffdf4f58603400"
url = "https://github.com/tombi-toml/tombi/releases/download/v1.2.0/tombi-cli-1.2.0-aarch64-apple-darwin.tar.gz"
url_api = "https://api.github.com/repos/tombi-toml/tombi/releases/assets/467173945"
provenance = "github-attestations"

[tools.tombi."platforms.macos-x64"]
checksum = "sha256:453b201e77b1ff9c1a0e0a861dc061809b2111da557073d220ee61ad2af76045"
url = "https://github.com/tombi-toml/tombi/releases/download/v1.2.0/tombi-cli-1.2.0-x86_64-apple-darwin.tar.gz"
url_api = "https://api.github.com/repos/tombi-toml/tombi/releases/assets/467173942"
provenance = "github-attestations"

[tools.tombi."platforms.windows-x64"]
checksum = "sha256:fe8c7d5bbc2acd9dab1053948afeb8e85562ef138eca8fc2a576154a27fbf1c3"
url = "https://github.com/tombi-toml/tombi/releases/download/v1.2.0/tombi-cli-1.2.0-x86_64-pc-windows-msvc.zip"
url_api = "https://api.github.com/repos/tombi-toml/tombi/releases/assets/467173953"
provenance = "github-attestations"

[[tools.zizmor]]
version = "1.26.1"
backend = "aqua:zizmorcore/zizmor"

[tools.zizmor."platforms.linux-arm64"]
checksum = "sha256:711f5af366b299128f9a04b1470e37d990b41fbd21f14a1a4148d25004a83762"
url = "https://github.com/zizmorcore/zizmor/releases/download/v1.26.1/zizmor-aarch64-unknown-linux-gnu.tar.gz"
url_api = "https://api.github.com/repos/zizmorcore/zizmor/releases/assets/453417983"
provenance = "github-attestations"

[tools.zizmor."platforms.linux-arm64-musl"]
provenance = "github-attestations"

[tools.zizmor."platforms.linux-x64"]
checksum = "sha256:8556289a64e7aaf2400cd516f61a471aa91c5902cc56ad96a82fd12f90c2ef73"
url = "https://github.com/zizmorcore/zizmor/releases/download/v1.26.1/zizmor-x86_64-unknown-linux-gnu.tar.gz"
url_api = "https://api.github.com/repos/zizmorcore/zizmor/releases/assets/453417985"
provenance = "github-attestations"

[tools.zizmor."platforms.linux-x64-musl"]
provenance = "github-attestations"

[tools.zizmor."platforms.macos-arm64"]
checksum = "sha256:68ab2b37836bbd44f6cfffcc102b9ffffbc20c5d67d84293dafb63bd2775a1da"
url = "https://github.com/zizmorcore/zizmor/releases/download/v1.26.1/zizmor-aarch64-apple-darwin.tar.gz"
url_api = "https://api.github.com/repos/zizmorcore/zizmor/releases/assets/453417984"
provenance = "github-attestations"

[tools.zizmor."platforms.macos-x64"]
checksum = "sha256:2967414a561f8c1264121e8f723c3b5abcf3d1bf7ce5063114df99985dd75801"
url = "https://github.com/zizmorcore/zizmor/releases/download/v1.26.1/zizmor-x86_64-apple-darwin.tar.gz"
url_api = "https://api.github.com/repos/zizmorcore/zizmor/releases/assets/453417982"
provenance = "github-attestations"

[tools.zizmor."platforms.windows-x64"]
checksum = "sha256:c6cea156935e3b9d36faeca4fd8f622d23f7a7578da26adb34e6456abd9beb9a"
url = "https://github.com/zizmorcore/zizmor/releases/download/v1.26.1/zizmor-x86_64-pc-windows-msvc.zip"
url_api = "https://api.github.com/repos/zizmorcore/zizmor/releases/assets/453417981"
provenance = "github-attestations"
