{
  "version": "5",
  "specifiers": {
    "npm:arktype@^2.2.0": "2.2.0",
    "npm:oxc-parser@0.132": "0.132.0",
    "npm:oxc-resolver@^11.19.1": "11.19.1_@emnapi+core@1.10.0_@emnapi+runtime@1.10.0",
    "npm:oxlint-plugin-utilities@1": "1.0.0_typescript@5.9.3"
  },
  "npm": {
    "@ark/schema@0.56.0": {
      "integrity": "sha512-ECg3hox/6Z/nLajxXqNhgPtNdHWC9zNsDyskwO28WinoFEnWow4IsERNz9AnXRhTZJnYIlAJ4uGn3nlLk65vZA==",
      "dependencies": [
        "@ark/util"
      ]
    },
    "@ark/util@0.56.0": {
      "integrity": "sha512-BghfRC8b9pNs3vBoDJhcta0/c1J1rsoS1+HgVUreMFPdhz/CRAKReAu57YEllNaSy98rWAdY1gE+gFup7OXpgA=="
    },
    "@emnapi/core@1.10.0": {
      "integrity": "sha512-yq6OkJ4p82CAfPl0u9mQebQHKPJkY7WrIuk205cTYnYe+k2Z8YBh11FrbRG/H6ihirqcacOgl2BIO8oyMQLeXw==",
      "dependencies": [
        "@emnapi/wasi-threads",
        "tslib"
      ]
    },
    "@emnapi/runtime@1.10.0": {
      "integrity": "sha512-ewvYlk86xUoGI0zQRNq/mC+16R1QeDlKQy21Ki3oSYXNgLb45GV1P6A0M+/s6nyCuNDqe5VpaY84BzXGwVbwFA==",
      "dependencies": [
        "tslib"
      ]
    },
    "@emnapi/wasi-threads@1.2.1": {
      "integrity": "sha512-uTII7OYF+/Mes/MrcIOYp5yOtSMLBWSIoLPpcgwipoiKbli6k322tcoFsxoIIxPDqW01SQGAgko4EzZi2BNv2w==",
      "dependencies": [
        "tslib"
      ]
    },
    "@napi-rs/wasm-runtime@1.1.4_@emnapi+core@1.10.0_@emnapi+runtime@1.10.0": {
      "integrity": "sha512-3NQNNgA1YSlJb/kMH1ildASP9HW7/7kYnRI2szWJaofaS1hWmbGI4H+d3+22aGzXXN9IJ+n+GiFVcGipJP18ow==",
      "dependencies": [
        "@emnapi/core",
        "@emnapi/runtime",
        "@tybys/wasm-util"
      ]
    },
    "@oxc-parser/binding-android-arm-eabi@0.132.0": {
      "integrity": "sha512-KrLaPWa5c9Y7LkW+rKkaUE3y7DBDrQtaf7rlsSDfv6KAHUjgzAIRA761Lrrp6//Yd/Rlie/yEOt9YENCoJnOcw==",
      "os": ["android"],
      "cpu": ["arm"]
    },
    "@oxc-parser/binding-android-arm64@0.132.0": {
      "integrity": "sha512-SThDrSeamB/kG2+NxcJ5/wSLcV6dUqDknrPLqFYQ0ST/55mtBP4M7Q/f3QbubH6aAd11wpzZn/nwbVRSdobOpg==",
      "os": ["android"],
      "cpu": ["arm64"]
    },
    "@oxc-parser/binding-darwin-arm64@0.132.0": {
      "integrity": "sha512-Lc0f/TYoKBghE5/2Gsv7bLXk+TJZunx2Tf61X8hG4ARXdc8UYI26dCGccFSd1AyFbK3jfaNXtMnupggDbjPXdQ==",
      "os": ["darwin"],
      "cpu": ["arm64"]
    },
    "@oxc-parser/binding-darwin-x64@0.132.0": {
      "integrity": "sha512-RG2eJIpf7C21z9HSSXFw1bTArdpKe7Y4fwcJTwRq1yCSe1vSavaN9GA1sm9KqzemTLAGVktQ+7qBTGp0vQeUZg==",
      "os": ["darwin"],
      "cpu": ["x64"]
    },
    "@oxc-parser/binding-freebsd-x64@0.132.0": {
      "integrity": "sha512-wQIPntPLtJ8NcBpvKPbEv3NqzV6k8eP8tP/jE9Rg8HTg/j7urZGFSsTCPCW5k77Qfw2DM4vRvc9p3I4yq/Shvw==",
      "os": ["freebsd"],
      "cpu": ["x64"]
    },
    "@oxc-parser/binding-linux-arm-gnueabihf@0.132.0": {
      "integrity": "sha512-PixKEpeSe3yxQWqNyOCBALRYc72+Tj7ILDofUl3iXo25cVOzLA6jHUhmOINRtWIPh7dbUie3QNeabwaQpZTw6w==",
      "os": ["linux"],
      "cpu": ["arm"]
    },
    "@oxc-parser/binding-linux-arm-musleabihf@0.132.0": {
      "integrity": "sha512-sCR+DzGHlyHKnbA2z9zWjTUhIo8Sy0enJl4RDsBwPmkxYynPatpwOAWe8W5127SlW0boqUWHGtr1NWn5UwIhXQ==",
      "os": ["linux"],
      "cpu": ["arm"]
    },
    "@oxc-parser/binding-linux-arm64-gnu@0.132.0": {
      "integrity": "sha512-sQBix5P2cW+IpzTcCwYxnh9yALrKSIkKJThspBvMGcygSMnbzkSvhN7SfuX1hvBk8y1XEChsdkU3ET0V5DmzUw==",
      "os": ["linux"],
      "cpu": ["arm64"]
    },
    "@oxc-parser/binding-linux-arm64-musl@0.132.0": {
      "integrity": "sha512-WozHg3Kc//8Sk756HXXgMbEAvqtG+Lzb9JOojwQzIGDtN78Az2dLttkb71akWYUF/8IgYfDSlfKh4Uot8is5Vw==",
      "os": ["linux"],
      "cpu": ["arm64"]
    },
    "@oxc-parser/binding-linux-ppc64-gnu@0.132.0": {
      "integrity": "sha512-CmX/ulNBOEwWTyVRmcpYKAcAizW6+OjtLJgo7fXoL9OqQvjF4VER8tPomv44vwzfSCy1BHbsB0ZlZYzYJNj4cA==",
      "os": ["linux"],
      "cpu": ["ppc64"]
    },
    "@oxc-parser/binding-linux-riscv64-gnu@0.132.0": {
      "integrity": "sha512-j9oQS+hM90SdhviNGWbPgT4+Rlq+ac++q/zjgwPD1mVHgxHzATvoRGtDx0sXGmFOQ9J9YkwAhYGb5MAHL6TAsA==",
      "os": ["linux"],
      "cpu": ["riscv64"]
    },
    "@oxc-parser/binding-linux-riscv64-musl@0.132.0": {
      "integrity": "sha512-bLz+Xi+Agnfmd7kWPEsSVwCn2k4EyIalZkNBcQ0OGIv9rqn8VgCPLNd03tM9mKX/5TdlvDXalz0q71BIrOPNqg==",
      "os": ["linux"],
      "cpu": ["riscv64"]
    },
    "@oxc-parser/binding-linux-s390x-gnu@0.132.0": {
      "integrity": "sha512-U6t2qbJU0ypTfyj9QV3W1Y6mITDTL8ai/OR6NUn85vyHthOvobKWgXzU4tu0EskSzlpuVFz1g0jFGulDIUKHxQ==",
      "os": ["linux"],
      "cpu": ["s390x"]
    },
    "@oxc-parser/binding-linux-x64-gnu@0.132.0": {
      "integrity": "sha512-WcEaSNHFk8yz5YFlQQAlhq6jOFmZBB/RKE7uzhyCIf+pF1Lmv9gUH4221mle2Gd9iHyWT3ySNph8yZgb1xYdWg==",
      "os": ["linux"],
      "cpu": ["x64"]
    },
    "@oxc-parser/binding-linux-x64-musl@0.132.0": {
      "integrity": "sha512-iQrV4iJzQgRwK3BWRmQl1C3C6g3wYpXN2WLdQdyR+efoUnncdShZAVp9OgcojtlD3MDRbuOMGG3SjxF4fL4nlQ==",
      "os": ["linux"],
      "cpu": ["x64"]
    },
    "@oxc-parser/binding-openharmony-arm64@0.132.0": {
      "integrity": "sha512-FWzmUGrZ6GUby4U7WIwcCtab6tdmlTO3xTRRKyb5kjIJVEiaUAT8animUG/nK8ZCA8gkRkPOTId4rl6uTqUmJQ==",
      "os": ["openharmony"],
      "cpu": ["arm64"]
    },
    "@oxc-parser/binding-wasm32-wasi@0.132.0": {
      "integrity": "sha512-TlbMppxJI5CjWDes0QaP6G3aneVg1yikBu5QYI+DUShF9WDL66ccgKFNNGmi/Wybtszw6hxwAvv76T4DaPKnHw==",
      "dependencies": [
        "@emnapi/core",
        "@emnapi/runtime",
        "@napi-rs/wasm-runtime"
      ],
      "cpu": ["wasm32"]
    },
    "@oxc-parser/binding-win32-arm64-msvc@0.132.0": {
      "integrity": "sha512-RH/NbFjGKqdUAUi7Oh3LQPxUk2hsWFEEQ38HSnbRQT8QjBZFKqL1fMbmsB3N4jy/KPh9iX94+9dmkEMBBbambw==",
      "os": ["win32"],
      "cpu": ["arm64"]
    },
    "@oxc-parser/binding-win32-ia32-msvc@0.132.0": {
      "integrity": "sha512-JUr4jQY9jxoIB/YTLXr6XofSi5xikj6p5/Ns1h0VOBDT0j1jKU+kMsv2xxv51RwnETcXpA1Yw/9oUAfcqfaqEA==",
      "os": ["win32"],
      "cpu": ["ia32"]
    },
    "@oxc-parser/binding-win32-x64-msvc@0.132.0": {
      "integrity": "sha512-2dapgHpA5X8DSXF4AU36hJWYf6zP0tKjMXFRAZFBD62pkevW/uhFDXoFH9Y/3Fd2EtDrw5ByNnR1wVE9X9y0SQ==",
      "os": ["win32"],
      "cpu": ["x64"]
    },
    "@oxc-project/types@0.132.0": {
      "integrity": "sha512-FESMOxil5Se014ui/Eq8fT5uHJo6nIRwH0PfJrZJXs6Gek3ZVFOrpUv3YIZT20m+extU98Hg1Ym72U58rlsxUQ=="
    },
    "@oxc-resolver/binding-android-arm-eabi@11.19.1": {
      "integrity": "sha512-aUs47y+xyXHUKlbhqHUjBABjvycq6YSD7bpxSW7vplUmdzAlJ93yXY6ZR0c1o1x5A/QKbENCvs3+NlY8IpIVzg==",
      "os": ["android"],
      "cpu": ["arm"]
    },
    "@oxc-resolver/binding-android-arm64@11.19.1": {
      "integrity": "sha512-oolbkRX+m7Pq2LNjr/kKgYeC7bRDMVTWPgxBGMjSpZi/+UskVo4jsMU3MLheZV55jL6c3rNelPl4oD60ggYmqA==",
      "os": ["android"],
      "cpu": ["arm64"]
    },
    "@oxc-resolver/binding-darwin-arm64@11.19.1": {
      "integrity": "sha512-nUC6d2i3R5B12sUW4O646qD5cnMXf2oBGPLIIeaRfU9doJRORAbE2SGv4eW6rMqhD+G7nf2Y8TTJTLiiO3Q/dQ==",
      "os": ["darwin"],
      "cpu": ["arm64"]
    },
    "@oxc-resolver/binding-darwin-x64@11.19.1": {
      "integrity": "sha512-cV50vE5+uAgNcFa3QY1JOeKDSkM/9ReIcc/9wn4TavhW/itkDGrXhw9jaKnkQnGbjJ198Yh5nbX/Gr2mr4Z5jQ==",
      "os": ["darwin"],
      "cpu": ["x64"]
    },
    "@oxc-resolver/binding-freebsd-x64@11.19.1": {
      "integrity": "sha512-xZOQiYGFxtk48PBKff+Zwoym7ScPAIVp4c14lfLxizO2LTTTJe5sx9vQNGrBymrf/vatSPNMD4FgsaaRigPkqw==",
      "os": ["freebsd"],
      "cpu": ["x64"]
    },
    "@oxc-resolver/binding-linux-arm-gnueabihf@11.19.1": {
      "integrity": "sha512-lXZYWAC6kaGe/ky2su94e9jN9t6M0/6c+GrSlCqL//XO1cxi5lpAhnJYdyrKfm0ZEr/c7RNyAx3P7FSBcBd5+A==",
      "os": ["linux"],
      "cpu": ["arm"]
    },
    "@oxc-resolver/binding-linux-arm-musleabihf@11.19.1": {
      "integrity": "sha512-veG1kKsuK5+t2IsO9q0DErYVSw2azvCVvWHnfTOS73WE0STdLLB7Q1bB9WR+yHPQM76ASkFyRbogWo1GR1+WbQ==",
      "os": ["linux"],
      "cpu": ["arm"]
    },
    "@oxc-resolver/binding-linux-arm64-gnu@11.19.1": {
      "integrity": "sha512-heV2+jmXyYnUrpUXSPugqWDRpnsQcDm2AX4wzTuvgdlZfoNYO0O3W2AVpJYaDn9AG4JdM6Kxom8+foE7/BcSig==",
      "os": ["linux"],
      "cpu": ["arm64"]
    },
    "@oxc-resolver/binding-linux-arm64-musl@11.19.1": {
      "integrity": "sha512-jvo2Pjs1c9KPxMuMPIeQsgu0mOJF9rEb3y3TdpsrqwxRM+AN6/nDDwv45n5ZrUnQMsdBy5gIabioMKnQfWo9ew==",
      "os": ["linux"],
      "cpu": ["arm64"]
    },
    "@oxc-resolver/binding-linux-ppc64-gnu@11.19.1": {
      "integrity": "sha512-vLmdNxWCdN7Uo5suays6A/+ywBby2PWBBPXctWPg5V0+eVuzsJxgAn6MMB4mPlshskYbppjpN2Zg83ArHze9gQ==",
      "os": ["linux"],
      "cpu": ["ppc64"]
    },
    "@oxc-resolver/binding-linux-riscv64-gnu@11.19.1": {
      "integrity": "sha512-/b+WgR+VTSBxzgOhDO7TlMXC1ufPIMR6Vj1zN+/x+MnyXGW7prTLzU9eW85Aj7Th7CCEG9ArCbTeqxCzFWdg2w==",
      "os": ["linux"],
      "cpu": ["riscv64"]
    },
    "@oxc-resolver/binding-linux-riscv64-musl@11.19.1": {
      "integrity": "sha512-YlRdeWb9j42p29ROh+h4eg/OQ3dTJlpHSa+84pUM9+p6i3djtPz1q55yLJhgW9XfDch7FN1pQ/Vd6YP+xfRIuw==",
      "os": ["linux"],
      "cpu": ["riscv64"]
    },
    "@oxc-resolver/binding-linux-s390x-gnu@11.19.1": {
      "integrity": "sha512-EDpafVOQWF8/MJynsjOGFThcqhRHy417sRyLfQmeiamJ8qVhSKAn2Dn2VVKUGCjVB9C46VGjhNo7nOPUi1x6uA==",
      "os": ["linux"],
      "cpu": ["s390x"]
    },
    "@oxc-resolver/binding-linux-x64-gnu@11.19.1": {
      "integrity": "sha512-NxjZe+rqWhr+RT8/Ik+5ptA3oz7tUw361Wa5RWQXKnfqwSSHdHyrw6IdcTfYuml9dM856AlKWZIUXDmA9kkiBQ==",
      "os": ["linux"],
      "cpu": ["x64"]
    },
    "@oxc-resolver/binding-linux-x64-musl@11.19.1": {
      "integrity": "sha512-cM/hQwsO3ReJg5kR+SpI69DMfvNCp+A/eVR4b4YClE5bVZwz8rh2Nh05InhwI5HR/9cArbEkzMjcKgTHS6UaNw==",
      "os": ["linux"],
      "cpu": ["x64"]
    },
    "@oxc-resolver/binding-openharmony-arm64@11.19.1": {
      "integrity": "sha512-QF080IowFB0+9Rh6RcD19bdgh49BpQHUW5TajG1qvWHvmrQznTZZjYlgE2ltLXyKY+qs4F/v5xuX1XS7Is+3qA==",
      "os": ["openharmony"],
      "cpu": ["arm64"]
    },
    "@oxc-resolver/binding-wasm32-wasi@11.19.1_@emnapi+core@1.10.0_@emnapi+runtime@1.10.0": {
      "integrity": "sha512-w8UCKhX826cP/ZLokXDS6+milN8y4X7zidsAttEdWlVoamTNf6lhBJldaWr3ukTDiye7s4HRcuPEPOXNC432Vg==",
      "dependencies": [
        "@napi-rs/wasm-runtime"
      ],
      "cpu": ["wasm32"]
    },
    "@oxc-resolver/binding-win32-arm64-msvc@11.19.1": {
      "integrity": "sha512-nJ4AsUVZrVKwnU/QRdzPCCrO0TrabBqgJ8pJhXITdZGYOV28TIYystV1VFLbQ7DtAcaBHpocT5/ZJnF78YJPtQ==",
      "os": ["win32"],
      "cpu": ["arm64"]
    },
    "@oxc-resolver/binding-win32-ia32-msvc@11.19.1": {
      "integrity": "sha512-EW+ND5q2Tl+a3pH81l1QbfgbF3HmqgwLfDfVithRFheac8OTcnbXt/JxqD2GbDkb7xYEqy1zNaVFRr3oeG8npA==",
      "os": ["win32"],
      "cpu": ["ia32"]
    },
    "@oxc-resolver/binding-win32-x64-msvc@11.19.1": {
      "integrity": "sha512-6hIU3RQu45B+VNTY4Ru8ppFwjVS/S5qwYyGhBotmjxfEKk41I2DlGtRfGJndZ5+6lneE2pwloqunlOyZuX/XAw==",
      "os": ["win32"],
      "cpu": ["x64"]
    },
    "@oxlint/plugins@1.66.0": {
      "integrity": "sha512-dVw9+y1tB9rDObtjzsDhxRsreZrEoKohujt+w/sZ09+kmA5yI/ORQJFPR/xSC+jpw0TWmE6gnb6N1lD/z7uElA=="
    },
    "@tybys/wasm-util@0.10.2": {
      "integrity": "sha512-RoBvJ2X0wuKlWFIjrwffGw1IqZHKQqzIchKaadZZfnNpsAYp2mM0h36JtPCjNDAHGgYez/15uMBpfGwchhiMgg==",
      "dependencies": [
        "tslib"
      ]
    },
    "arkregex@0.0.5": {
      "integrity": "sha512-ncYjBdLlh5/QnVsAA8De16Tc9EqmYM7y/WU9j+236KcyYNUXogpz3sC4ATIZYzzLxwI+0sEOaQLEmLmRleaEXw==",
      "dependencies": [
        "@ark/util"
      ]
    },
    "arktype@2.2.0": {
      "integrity": "sha512-t54MZ7ti5BhOEvzEkgKnWvqj+UbDfWig+DHr5I34xatymPusKLS0lQpNJd8M6DzmIto2QGszHfNKoFIT8tMCZQ==",
      "dependencies": [
        "@ark/schema",
        "@ark/util",
        "arkregex"
      ]
    },
    "oxc-parser@0.132.0": {
      "integrity": "sha512-+0LAPHaqtfQlvWdpaAa09SmOaZZgP8C552xosEkGJ4+ruEwP1Vgx+sqBgcBCNfR6KDCmagGOZTde8wmAvcI/Hg==",
      "dependencies": [
        "@oxc-project/types"
      ],
      "optionalDependencies": [
        "@oxc-parser/binding-android-arm-eabi",
        "@oxc-parser/binding-android-arm64",
        "@oxc-parser/binding-darwin-arm64",
        "@oxc-parser/binding-darwin-x64",
        "@oxc-parser/binding-freebsd-x64",
        "@oxc-parser/binding-linux-arm-gnueabihf",
        "@oxc-parser/binding-linux-arm-musleabihf",
        "@oxc-parser/binding-linux-arm64-gnu",
        "@oxc-parser/binding-linux-arm64-musl",
        "@oxc-parser/binding-linux-ppc64-gnu",
        "@oxc-parser/binding-linux-riscv64-gnu",
        "@oxc-parser/binding-linux-riscv64-musl",
        "@oxc-parser/binding-linux-s390x-gnu",
        "@oxc-parser/binding-linux-x64-gnu",
        "@oxc-parser/binding-linux-x64-musl",
        "@oxc-parser/binding-openharmony-arm64",
        "@oxc-parser/binding-wasm32-wasi",
        "@oxc-parser/binding-win32-arm64-msvc",
        "@oxc-parser/binding-win32-ia32-msvc",
        "@oxc-parser/binding-win32-x64-msvc"
      ]
    },
    "oxc-resolver@11.19.1_@emnapi+core@1.10.0_@emnapi+runtime@1.10.0": {
      "integrity": "sha512-qE/CIg/spwrTBFt5aKmwe3ifeDdLfA2NESN30E42X/lII5ClF8V7Wt6WIJhcGZjp0/Q+nQ+9vgxGk//xZNX2hg==",
      "optionalDependencies": [
        "@oxc-resolver/binding-android-arm-eabi",
        "@oxc-resolver/binding-android-arm64",
        "@oxc-resolver/binding-darwin-arm64",
        "@oxc-resolver/binding-darwin-x64",
        "@oxc-resolver/binding-freebsd-x64",
        "@oxc-resolver/binding-linux-arm-gnueabihf",
        "@oxc-resolver/binding-linux-arm-musleabihf",
        "@oxc-resolver/binding-linux-arm64-gnu",
        "@oxc-resolver/binding-linux-arm64-musl",
        "@oxc-resolver/binding-linux-ppc64-gnu",
        "@oxc-resolver/binding-linux-riscv64-gnu",
        "@oxc-resolver/binding-linux-riscv64-musl",
        "@oxc-resolver/binding-linux-s390x-gnu",
        "@oxc-resolver/binding-linux-x64-gnu",
        "@oxc-resolver/binding-linux-x64-musl",
        "@oxc-resolver/binding-openharmony-arm64",
        "@oxc-resolver/binding-wasm32-wasi",
        "@oxc-resolver/binding-win32-arm64-msvc",
        "@oxc-resolver/binding-win32-ia32-msvc",
        "@oxc-resolver/binding-win32-x64-msvc"
      ]
    },
    "oxlint-plugin-utilities@1.0.0_typescript@5.9.3": {
      "integrity": "sha512-EyqSXc2zUOpI5iAAfr+hgqkg1VGOZsVi1uh95l1lMY32ASKTpuKUnkxc84o8GpjH1+CgFtiUcAog8otCOzV5TA==",
      "dependencies": [
        "@oxlint/plugins",
        "type-fest",
        "typescript"
      ]
    },
    "tagged-tag@1.0.0": {
      "integrity": "sha512-yEFYrVhod+hdNyx7g5Bnkkb0G6si8HJurOoOEgC8B/O0uXLHlaey/65KRv6cuWBNhBgHKAROVpc7QyYqE5gFng=="
    },
    "tslib@2.8.1": {
      "integrity": "sha512-oJFu94HQb+KVduSUQL7wnpmqnfmLsOA/nAh6b6EH0wCEoK0/mPeXU6c3wKDV83MkOuHPRHtSXKKU99IBazS/2w=="
    },
    "type-fest@5.6.0": {
      "integrity": "sha512-8ZiHFm91orbSAe2PSAiSVBVko18pbhbiB3U9GglSzF/zCGkR+rxpHx6sEMCUm4kxY4LjDIUGgCfUMtwfZfjfUA==",
      "dependencies": [
        "tagged-tag"
      ]
    },
    "typescript@5.9.3": {
      "integrity": "sha512-jl1vZzPDinLr9eUt3J/t7V6FgNEw9QjvBPdysz9KfQDD41fQrC2Y4vKQdiaUpFT4bXlb1RHhLpp8wtm6M5TgSw==",
      "bin": true
    }
  },
  "workspace": {
    "dependencies": [
      "npm:arktype@^2.2.0",
      "npm:oxc-parser@0.132",
      "npm:oxc-resolver@^11.19.1",
      "npm:oxlint-plugin-utilities@1"
    ]
  }
}
